
Microsoft Visual Studio Solution File, Format Version 12.00
# Visual Studio Version 17
VisualStudioVersion = 17.7.34302.85
MinimumVisualStudioVersion = 10.0.40219.1
Project("{FAE04EC0-301F-11D3-BF4B-00C04F79EFBC}") = "RemiSolutions", "RemiSolutions\RemiSolutions.csproj", "{E8A44A96-D65B-4D8D-8A80-F9FC8A9D1A09}"
EndProject
Global
	GlobalSection(SolutionConfigurationPlatforms) = preSolution
		Debug|Any CPU = Debug|Any CPU
		Release|Any CPU = Release|Any CPU
	EndGlobalSection
	GlobalSection(ProjectConfigurationPlatforms) = postSolution
		{E8A44A96-D65B-4D8D-8A80-F9FC8A9D1A09}.Debug|Any CPU.ActiveCfg = Debug|Any CPU
		{E8A44A96-D65B-4D8D-8A80-F9FC8A9D1A09}.Debug|Any CPU.Build.0 = Debug|Any CPU
		{E8A44A96-D65B-4D8D-8A80-F9FC8A9D1A09}.Release|Any CPU.ActiveCfg = Release|Any CPU
		{E8A44A96-D65B-4D8D-8A80-F9FC8A9D1A09}.Release|Any CPU.Build.0 = Release|Any CPU
	EndGlobalSection
	GlobalSection(SolutionProperties) = preSolution
		HideSolutionNode = FALSE
	EndGlobalSection
	GlobalSection(ExtensibilityGlobals) = postSolution
		SolutionGuid = {2AFEFE27-3070-43EB-AB8E-D036A7779D25}
	EndGlobalSection
EndGlobal
