
Microsoft Visual Studio Solution File, Format Version 12.00
# Visual Studio Version 17
VisualStudioVersion = 17.6.33829.357
MinimumVisualStudioVersion = 10.0.40219.1
Project("{FAE04EC0-301F-11D3-BF4B-00C04F79EFBC}") = "RS.WindowsAuthDemo", "RS.WindowsAuthDemo\RS.WindowsAuthDemo.csproj", "{36325DBC-26AC-4B73-983F-E7213CAAFD6F}"
EndProject
Global
	GlobalSection(SolutionConfigurationPlatforms) = preSolution
		Debug|Any CPU = Debug|Any CPU
		Release|Any CPU = Release|Any CPU
	EndGlobalSection
	GlobalSection(ProjectConfigurationPlatforms) = postSolution
		{36325DBC-26AC-4B73-983F-E7213CAAFD6F}.Debug|Any CPU.ActiveCfg = Debug|Any CPU
		{36325DBC-26AC-4B73-983F-E7213CAAFD6F}.Debug|Any CPU.Build.0 = Debug|Any CPU
		{36325DBC-26AC-4B73-983F-E7213CAAFD6F}.Release|Any CPU.ActiveCfg = Release|Any CPU
		{36325DBC-26AC-4B73-983F-E7213CAAFD6F}.Release|Any CPU.Build.0 = Release|Any CPU
	EndGlobalSection
	GlobalSection(SolutionProperties) = preSolution
		HideSolutionNode = FALSE
	EndGlobalSection
	GlobalSection(ExtensibilityGlobals) = postSolution
		SolutionGuid = {E4028666-C1EE-472C-AD31-C2574D978F43}
	EndGlobalSection
EndGlobal
